{
  "version": "4",
  "specifiers": {
    "jsr:@std/assert@1": "1.0.10",
    "jsr:@std/internal@^1.0.5": "1.0.5",
    "npm:@types/matter-js@~0.19.8": "0.19.8",
    "npm:matter-js@*": "0.20.0",
    "npm:matter-js@0.20": "0.20.0"
  },
  "jsr": {
    "@std/assert@1.0.10": {
      "integrity": "59b5cbac5bd55459a19045d95cc7c2ff787b4f8527c0dd195078ff6f9481fbb3",
      "dependencies": [
        "jsr:@std/internal"
      ]
    },
    "@std/internal@1.0.5": {
      "integrity": "54a546004f769c1ac9e025abd15a76b6671ddc9687e2313b67376125650dc7ba"
    }
  },
  "npm": {
    "@types/matter-js@0.19.8": {
      "integrity": "sha512-W2ZWG58Lijv/4v768NgpeyFqqiOyslmAU7qqM1Lhz4XBoUgGtZtPz4CjcOKYtqHIak14dvPldslQhltqLTWwsw=="
    },
    "matter-js@0.20.0": {
      "integrity": "sha512-iC9fYR7zVT3HppNnsFsp9XOoQdQN2tUyfaKg4CHLH8bN+j6GT4Gw7IH2rP0tflAebrHFw730RR3DkVSZRX8hwA=="
    }
  },
  "workspace": {
    "dependencies": [
      "jsr:@std/assert@1",
      "npm:@types/matter-js@~0.19.8",
      "npm:matter-js@0.20"
    ]
  }
}
